
Microsoft Visual Studio Solution File, Format Version 12.00
# Visual Studio Version 16
VisualStudioVersion = 16.0.30804.86
MinimumVisualStudioVersion = 10.0.40219.1
Project("{9A19103F-16F7-4668-BE54-9A1E7A4F7556}") = "Kamp", "Kamp\Kamp.csproj", "{3E4104B2-17E0-4C73-88EC-8695633EFB18}"
EndProject
Project("{9A19103F-16F7-4668-BE54-9A1E7A4F7556}") = "Odevler", "Odevler\Odevler.csproj", "{D332C240-395B-4EE2-9950-88CB46B3D277}"
EndProject
Project("{9A19103F-16F7-4668-BE54-9A1E7A4F7556}") = "Metotlar", "Metotlar\Metotlar.csproj", "{91D9C4C7-E90C-4BBF-ACD6-FBE7D7B02A15}"
EndProject
Project("{9A19103F-16F7-4668-BE54-9A1E7A4F7556}") = "Matematik", "Matematik\Matematik.csproj", "{46C0066A-1B9A-4964-AD2E-E5CB0686C01E}"
EndProject
Project("{9A19103F-16F7-4668-BE54-9A1E7A4F7556}") = "Donguler", "Donguler\Donguler.csproj", "{FE5A33C5-01BD-41F9-98A1-937F21D00886}"
EndProject
Project("{9A19103F-16F7-4668-BE54-9A1E7A4F7556}") = "DegerVeReferansTipleri", "DegerVeReferansTipleri\DegerVeReferansTipleri.csproj", "{F1CF968F-59C4-482A-A645-AFC1A685623F}"
EndProject
Project("{9A19103F-16F7-4668-BE54-9A1E7A4F7556}") = "ClassGiris", "ClassGiris\ClassGiris.csproj", "{FB289434-A2EA-403D-9B2C-B7E843EFB039}"
EndProject
Project("{9A19103F-16F7-4668-BE54-9A1E7A4F7556}") = "OOP1", "OOP1\OOP1.csproj", "{BC66EC1C-B62C-419C-A224-ED4149EB9159}"
EndProject
Project("{9A19103F-16F7-4668-BE54-9A1E7A4F7556}") = "Koleksiyonlar", "Koleksiyonlar\Koleksiyonlar.csproj", "{B6478006-557E-4A28-B5FD-5BD7E8F68767}"
EndProject
Project("{9A19103F-16F7-4668-BE54-9A1E7A4F7556}") = "GenericIntro", "GenericIntro\GenericIntro.csproj", "{4B3D697A-2B80-4602-A772-85DB6AAE0C14}"
EndProject
Project("{9A19103F-16F7-4668-BE54-9A1E7A4F7556}") = "Constructors", "Constructer\Constructors.csproj", "{A5709025-6898-46E3-8E9F-D5AC28E285C6}"
EndProject
Project("{FAE04EC0-301F-11D3-BF4B-00C04F79EFBC}") = "OOP2", "OOP2\OOP2.csproj", "{2BCA4E44-D9AD-473B-8EDB-256A7114D07B}"
EndProject
Project("{FAE04EC0-301F-11D3-BF4B-00C04F79EFBC}") = "OOP3", "OOP3\OOP3.csproj", "{2C200BAD-73FA-4533-954C-60D2770522FA}"
EndProject
Global
	GlobalSection(SolutionConfigurationPlatforms) = preSolution
		Debug|Any CPU = Debug|Any CPU
		Release|Any CPU = Release|Any CPU
	EndGlobalSection
	GlobalSection(ProjectConfigurationPlatforms) = postSolution
		{3E4104B2-17E0-4C73-88EC-8695633EFB18}.Debug|Any CPU.ActiveCfg = Debug|Any CPU
		{3E4104B2-17E0-4C73-88EC-8695633EFB18}.Debug|Any CPU.Build.0 = Debug|Any CPU
		{3E4104B2-17E0-4C73-88EC-8695633EFB18}.Release|Any CPU.ActiveCfg = Release|Any CPU
		{3E4104B2-17E0-4C73-88EC-8695633EFB18}.Release|Any CPU.Build.0 = Release|Any CPU
		{D332C240-395B-4EE2-9950-88CB46B3D277}.Debug|Any CPU.ActiveCfg = Debug|Any CPU
		{D332C240-395B-4EE2-9950-88CB46B3D277}.Debug|Any CPU.Build.0 = Debug|Any CPU
		{D332C240-395B-4EE2-9950-88CB46B3D277}.Release|Any CPU.ActiveCfg = Release|Any CPU
		{D332C240-395B-4EE2-9950-88CB46B3D277}.Release|Any CPU.Build.0 = Release|Any CPU
		{91D9C4C7-E90C-4BBF-ACD6-FBE7D7B02A15}.Debug|Any CPU.ActiveCfg = Debug|Any CPU
		{91D9C4C7-E90C-4BBF-ACD6-FBE7D7B02A15}.Debug|Any CPU.Build.0 = Debug|Any CPU
		{91D9C4C7-E90C-4BBF-ACD6-FBE7D7B02A15}.Release|Any CPU.ActiveCfg = Release|Any CPU
		{91D9C4C7-E90C-4BBF-ACD6-FBE7D7B02A15}.Release|Any CPU.Build.0 = Release|Any CPU
		{46C0066A-1B9A-4964-AD2E-E5CB0686C01E}.Debug|Any CPU.ActiveCfg = Debug|Any CPU
		{46C0066A-1B9A-4964-AD2E-E5CB0686C01E}.Debug|Any CPU.Build.0 = Debug|Any CPU
		{46C0066A-1B9A-4964-AD2E-E5CB0686C01E}.Release|Any CPU.ActiveCfg = Release|Any CPU
		{46C0066A-1B9A-4964-AD2E-E5CB0686C01E}.Release|Any CPU.Build.0 = Release|Any CPU
		{FE5A33C5-01BD-41F9-98A1-937F21D00886}.Debug|Any CPU.ActiveCfg = Debug|Any CPU
		{FE5A33C5-01BD-41F9-98A1-937F21D00886}.Debug|Any CPU.Build.0 = Debug|Any CPU
		{FE5A33C5-01BD-41F9-98A1-937F21D00886}.Release|Any CPU.ActiveCfg = Release|Any CPU
		{FE5A33C5-01BD-41F9-98A1-937F21D00886}.Release|Any CPU.Build.0 = Release|Any CPU
		{F1CF968F-59C4-482A-A645-AFC1A685623F}.Debug|Any CPU.ActiveCfg = Debug|Any CPU
		{F1CF968F-59C4-482A-A645-AFC1A685623F}.Debug|Any CPU.Build.0 = Debug|Any CPU
		{F1CF968F-59C4-482A-A645-AFC1A685623F}.Release|Any CPU.ActiveCfg = Release|Any CPU
		{F1CF968F-59C4-482A-A645-AFC1A685623F}.Release|Any CPU.Build.0 = Release|Any CPU
		{FB289434-A2EA-403D-9B2C-B7E843EFB039}.Debug|Any CPU.ActiveCfg = Debug|Any CPU
		{FB289434-A2EA-403D-9B2C-B7E843EFB039}.Debug|Any CPU.Build.0 = Debug|Any CPU
		{FB289434-A2EA-403D-9B2C-B7E843EFB039}.Release|Any CPU.ActiveCfg = Release|Any CPU
		{FB289434-A2EA-403D-9B2C-B7E843EFB039}.Release|Any CPU.Build.0 = Release|Any CPU
		{BC66EC1C-B62C-419C-A224-ED4149EB9159}.Debug|Any CPU.ActiveCfg = Debug|Any CPU
		{BC66EC1C-B62C-419C-A224-ED4149EB9159}.Debug|Any CPU.Build.0 = Debug|Any CPU
		{BC66EC1C-B62C-419C-A224-ED4149EB9159}.Release|Any CPU.ActiveCfg = Release|Any CPU
		{BC66EC1C-B62C-419C-A224-ED4149EB9159}.Release|Any CPU.Build.0 = Release|Any CPU
		{B6478006-557E-4A28-B5FD-5BD7E8F68767}.Debug|Any CPU.ActiveCfg = Debug|Any CPU
		{B6478006-557E-4A28-B5FD-5BD7E8F68767}.Debug|Any CPU.Build.0 = Debug|Any CPU
		{B6478006-557E-4A28-B5FD-5BD7E8F68767}.Release|Any CPU.ActiveCfg = Release|Any CPU
		{B6478006-557E-4A28-B5FD-5BD7E8F68767}.Release|Any CPU.Build.0 = Release|Any CPU
		{4B3D697A-2B80-4602-A772-85DB6AAE0C14}.Debug|Any CPU.ActiveCfg = Debug|Any CPU
		{4B3D697A-2B80-4602-A772-85DB6AAE0C14}.Debug|Any CPU.Build.0 = Debug|Any CPU
		{4B3D697A-2B80-4602-A772-85DB6AAE0C14}.Release|Any CPU.ActiveCfg = Release|Any CPU
		{4B3D697A-2B80-4602-A772-85DB6AAE0C14}.Release|Any CPU.Build.0 = Release|Any CPU
		{A5709025-6898-46E3-8E9F-D5AC28E285C6}.Debug|Any CPU.ActiveCfg = Debug|Any CPU
		{A5709025-6898-46E3-8E9F-D5AC28E285C6}.Debug|Any CPU.Build.0 = Debug|Any CPU
		{A5709025-6898-46E3-8E9F-D5AC28E285C6}.Release|Any CPU.ActiveCfg = Release|Any CPU
		{A5709025-6898-46E3-8E9F-D5AC28E285C6}.Release|Any CPU.Build.0 = Release|Any CPU
		{2BCA4E44-D9AD-473B-8EDB-256A7114D07B}.Debug|Any CPU.ActiveCfg = Debug|Any CPU
		{2BCA4E44-D9AD-473B-8EDB-256A7114D07B}.Debug|Any CPU.Build.0 = Debug|Any CPU
		{2BCA4E44-D9AD-473B-8EDB-256A7114D07B}.Release|Any CPU.ActiveCfg = Release|Any CPU
		{2BCA4E44-D9AD-473B-8EDB-256A7114D07B}.Release|Any CPU.Build.0 = Release|Any CPU
		{2C200BAD-73FA-4533-954C-60D2770522FA}.Debug|Any CPU.ActiveCfg = Debug|Any CPU
		{2C200BAD-73FA-4533-954C-60D2770522FA}.Debug|Any CPU.Build.0 = Debug|Any CPU
		{2C200BAD-73FA-4533-954C-60D2770522FA}.Release|Any CPU.ActiveCfg = Release|Any CPU
		{2C200BAD-73FA-4533-954C-60D2770522FA}.Release|Any CPU.Build.0 = Release|Any CPU
	EndGlobalSection
	GlobalSection(SolutionProperties) = preSolution
		HideSolutionNode = FALSE
	EndGlobalSection
	GlobalSection(ExtensibilityGlobals) = postSolution
		SolutionGuid = {3DED2C80-D251-4302-B65F-773A016862A4}
	EndGlobalSection
EndGlobal
